
Microsoft Visual Studio Solution File, Format Version 12.00
# Visual Studio Version 17
VisualStudioVersion = 17.3.32929.385
MinimumVisualStudioVersion = 10.0.40219.1
Project("{8BC9CEB8-8B4A-11D0-8D11-00A0C91BC942}") = "AVX_CPP", "AVX_CPP\AVX_CPP.vcxproj", "{2AFD6B58-6BAA-4D89-ADBC-0F8951117CD4}"
EndProject
Global
	GlobalSection(SolutionConfigurationPlatforms) = preSolution
		Debug|x64 = Debug|x64
		Debug|x86 = Debug|x86
		Release|x64 = Release|x64
		Release|x86 = Release|x86
	EndGlobalSection
	GlobalSection(ProjectConfigurationPlatforms) = postSolution
		{2AFD6B58-6BAA-4D89-ADBC-0F8951117CD4}.Debug|x64.ActiveCfg = Debug|x64
		{2AFD6B58-6BAA-4D89-ADBC-0F8951117CD4}.Debug|x64.Build.0 = Debug|x64
		{2AFD6B58-6BAA-4D89-ADBC-0F8951117CD4}.Debug|x86.ActiveCfg = Debug|Win32
		{2AFD6B58-6BAA-4D89-ADBC-0F8951117CD4}.Debug|x86.Build.0 = Debug|Win32
		{2AFD6B58-6BAA-4D89-ADBC-0F8951117CD4}.Release|x64.ActiveCfg = Release|x64
		{2AFD6B58-6BAA-4D89-ADBC-0F8951117CD4}.Release|x64.Build.0 = Release|x64
		{2AFD6B58-6BAA-4D89-ADBC-0F8951117CD4}.Release|x86.ActiveCfg = Release|Win32
		{2AFD6B58-6BAA-4D89-ADBC-0F8951117CD4}.Release|x86.Build.0 = Release|Win32
	EndGlobalSection
	GlobalSection(SolutionProperties) = preSolution
		HideSolutionNode = FALSE
	EndGlobalSection
	GlobalSection(ExtensibilityGlobals) = postSolution
		SolutionGuid = {49283833-522B-44D5-921C-2A772B12FB77}
	EndGlobalSection
EndGlobal
